// !$*UTF8*$!
{
	archiveVersion = 1;
	classes = {
	};
	objectVersion = 50;
	objects = {

/* Begin PBXBuildFile section */
		831E682D24970B0100A64D66 /* AppDelegate.swift in Sources */ = {isa = PBXBuildFile; fileRef = 831E682C24970B0100A64D66 /* AppDelegate.swift */; };
		831E682F24970B0100A64D66 /* SceneDelegate.swift in Sources */ = {isa = PBXBuildFile; fileRef = 831E682E24970B0100A64D66 /* SceneDelegate.swift */; };
		831E683124970B0100A64D66 /* ViewController.swift in Sources */ = {isa = PBXBuildFile; fileRef = 831E683024970B0100A64D66 /* ViewController.swift */; };
		831E683424970B0100A64D66 /* Main.storyboard in Resources */ = {isa = PBXBuildFile; fileRef = 831E683224970B0100A64D66 /* Main.storyboard */; };
		831E683624970B0300A64D66 /* Assets.xcassets in Resources */ = {isa = PBXBuildFile; fileRef = 831E683524970B0300A64D66 /* Assets.xcassets */; };
		831E683924970B0300A64D66 /* LaunchScreen.storyboard in Resources */ = {isa = PBXBuildFile; fileRef = 831E683724970B0300A64D66 /* LaunchScreen.storyboard */; };
		836FA6A624BF84EA006A4ECE /* Default-568h@2x.png in Resources */ = {isa = PBXBuildFile; fileRef = 836FA6A524BF84E9006A4ECE /* Default-568h@2x.png */; };
		83E8BAB624BFBCC2000B8FD6 /* WrisTACsLogo.PNG in Resources */ = {isa = PBXBuildFile; fileRef = 83E8BAB524BFBCC1000B8FD6 /* WrisTACsLogo.PNG */; };
		83E8BAD024BFC56E000B8FD6 /* Charts.framework in Frameworks */ = {isa = PBXBuildFile; fileRef = 83E8BACD24BFC4F6000B8FD6 /* Charts.framework */; };
		83E8BAD124BFC56E000B8FD6 /* Charts.framework in Embed Frameworks */ = {isa = PBXBuildFile; fileRef = 83E8BACD24BFC4F6000B8FD6 /* Charts.framework */; settings = {ATTRIBUTES = (CodeSignOnCopy, RemoveHeadersOnCopy, ); }; };
/* End PBXBuildFile section */

/* Begin PBXContainerItemProxy section */
		831E684024970B0300A64D66 /* PBXContainerItemProxy */ = {
			isa = PBXContainerItemProxy;
			containerPortal = 831E682124970B0100A64D66 /* Project object */;
			proxyType = 1;
			remoteGlobalIDString = 831E682824970B0100A64D66;
			remoteInfo = WrisTAC;
		};
		831E684B24970B0400A64D66 /* PBXContainerItemProxy */ = {
			isa = PBXContainerItemProxy;
			containerPortal = 831E682124970B0100A64D66 /* Project object */;
			proxyType = 1;
			remoteGlobalIDString = 831E682824970B0100A64D66;
			remoteInfo = WrisTAC;
		};
		83E8BACC24BFC4F6000B8FD6 /* PBXContainerItemProxy */ = {
			isa = PBXContainerItemProxy;
			containerPortal = 83E8BAC724BFC4F5000B8FD6 /* Charts.xcodeproj */;
			proxyType = 2;
			remoteGlobalIDString = 65AD9E95D9ED4DC0BD73A743;
			remoteInfo = Charts;
		};
		83E8BACE24BFC4F6000B8FD6 /* PBXContainerItemProxy */ = {
			isa = PBXContainerItemProxy;
			containerPortal = 83E8BAC724BFC4F5000B8FD6 /* Charts.xcodeproj */;
			proxyType = 2;
			remoteGlobalIDString = 1CBBC58C6CE1EBEE9852CE41;
			remoteInfo = ChartsTests;
		};
/* End PBXContainerItemProxy section */

/* Begin PBXCopyFilesBuildPhase section */
		83E8BAD224BFC56E000B8FD6 /* Embed Frameworks */ = {
			isa = PBXCopyFilesBuildPhase;
			buildActionMask = 2147483647;
			dstPath = "";
			dstSubfolderSpec = 10;
			files = (
				83E8BAD124BFC56E000B8FD6 /* Charts.framework in Embed Frameworks */,
			);
			name = "Embed Frameworks";
			runOnlyForDeploymentPostprocessing = 0;
		};
/* End PBXCopyFilesBuildPhase section */

/* Begin PBXFileReference section */
		831E682924970B0100A64D66 /* WrisTACs.app */ = {isa = PBXFileReference; explicitFileType = wrapper.application; includeInIndex = 0; path = WrisTACs.app; sourceTree = BUILT_PRODUCTS_DIR; };
		831E682C24970B0100A64D66 /* AppDelegate.swift */ = {isa = PBXFileReference; lastKnownFileType = sourcecode.swift; path = AppDelegate.swift; sourceTree = "<group>"; };
		831E682E24970B0100A64D66 /* SceneDelegate.swift */ = {isa = PBXFileReference; lastKnownFileType = sourcecode.swift; path = SceneDelegate.swift; sourceTree = "<group>"; };
		831E683024970B0100A64D66 /* ViewController.swift */ = {isa = PBXFileReference; lastKnownFileType = sourcecode.swift; path = ViewController.swift; sourceTree = "<group>"; };
		831E683324970B0100A64D66 /* Base */ = {isa = PBXFileReference; lastKnownFileType = file.storyboard; name = Base; path = Base.lproj/Main.storyboard; sourceTree = "<group>"; };
		831E683524970B0300A64D66 /* Assets.xcassets */ = {isa = PBXFileReference; lastKnownFileType = folder.assetcatalog; path = Assets.xcassets; sourceTree = "<group>"; };
		831E683824970B0300A64D66 /* Base */ = {isa = PBXFileReference; lastKnownFileType = file.storyboard; name = Base; path = Base.lproj/LaunchScreen.storyboard; sourceTree = "<group>"; };
		831E683A24970B0300A64D66 /* Info.plist */ = {isa = PBXFileReference; lastKnownFileType = text.plist.xml; path = Info.plist; sourceTree = "<group>"; };
		831E683F24970B0300A64D66 /* WrisTACsTests.xctest */ = {isa = PBXFileReference; explicitFileType = wrapper.cfbundle; includeInIndex = 0; path = WrisTACsTests.xctest; sourceTree = BUILT_PRODUCTS_DIR; };
		831E684A24970B0300A64D66 /* WrisTACsUITests.xctest */ = {isa = PBXFileReference; explicitFileType = wrapper.cfbundle; includeInIndex = 0; path = WrisTACsUITests.xctest; sourceTree = BUILT_PRODUCTS_DIR; };
		836FA6A524BF84E9006A4ECE /* Default-568h@2x.png */ = {isa = PBXFileReference; lastKnownFileType = image.png; path = "Default-568h@2x.png"; sourceTree = "<group>"; };
		83E8BAB524BFBCC1000B8FD6 /* WrisTACsLogo.PNG */ = {isa = PBXFileReference; lastKnownFileType = image.png; name = WrisTACsLogo.PNG; path = WrisTACs/Assets.xcassets/WrisTACsLogo.PNG; sourceTree = "<group>"; };
		83E8BAC724BFC4F5000B8FD6 /* Charts.xcodeproj */ = {isa = PBXFileReference; lastKnownFileType = "wrapper.pb-project"; name = Charts.xcodeproj; path = "../../Charts-master/Charts.xcodeproj"; sourceTree = "<group>"; };
/* End PBXFileReference section */

/* Begin PBXFrameworksBuildPhase section */
		831E682624970B0100A64D66 /* Frameworks */ = {
			isa = PBXFrameworksBuildPhase;
			buildActionMask = 2147483647;
			files = (
				83E8BAD024BFC56E000B8FD6 /* Charts.framework in Frameworks */,
			);
			runOnlyForDeploymentPostprocessing = 0;
		};
		831E683C24970B0300A64D66 /* Frameworks */ = {
			isa = PBXFrameworksBuildPhase;
			buildActionMask = 2147483647;
			files = (
			);
			runOnlyForDeploymentPostprocessing = 0;
		};
		831E684724970B0300A64D66 /* Frameworks */ = {
			isa = PBXFrameworksBuildPhase;
			buildActionMask = 2147483647;
			files = (
			);
			runOnlyForDeploymentPostprocessing = 0;
		};
/* End PBXFrameworksBuildPhase section */

/* Begin PBXGroup section */
		831E682024970B0100A64D66 = {
			isa = PBXGroup;
			children = (
				836FA6A524BF84E9006A4ECE /* Default-568h@2x.png */,
				83E8BAB524BFBCC1000B8FD6 /* WrisTACsLogo.PNG */,
				83E8BAC724BFC4F5000B8FD6 /* Charts.xcodeproj */,
				831E682B24970B0100A64D66 /* WrisTACs */,
				831E682A24970B0100A64D66 /* Products */,
				83E8BAB924BFC305000B8FD6 /* Frameworks */,
			);
			sourceTree = "<group>";
		};
		831E682A24970B0100A64D66 /* Products */ = {
			isa = PBXGroup;
			children = (
				831E682924970B0100A64D66 /* WrisTACs.app */,
				831E683F24970B0300A64D66 /* WrisTACsTests.xctest */,
				831E684A24970B0300A64D66 /* WrisTACsUITests.xctest */,
			);
			name = Products;
			sourceTree = "<group>";
		};
		831E682B24970B0100A64D66 /* WrisTACs */ = {
			isa = PBXGroup;
			children = (
				831E682C24970B0100A64D66 /* AppDelegate.swift */,
				831E682E24970B0100A64D66 /* SceneDelegate.swift */,
				831E683024970B0100A64D66 /* ViewController.swift */,
				831E683224970B0100A64D66 /* Main.storyboard */,
				831E683524970B0300A64D66 /* Assets.xcassets */,
				831E683724970B0300A64D66 /* LaunchScreen.storyboard */,
				831E683A24970B0300A64D66 /* Info.plist */,
			);
			path = WrisTACs;
			sourceTree = "<group>";
		};
		83E8BAB924BFC305000B8FD6 /* Frameworks */ = {
			isa = PBXGroup;
			children = (
			);
			name = Frameworks;
			sourceTree = "<group>";
		};
		83E8BAC824BFC4F5000B8FD6 /* Products */ = {
			isa = PBXGroup;
			children = (
				83E8BACD24BFC4F6000B8FD6 /* Charts.framework */,
				83E8BACF24BFC4F6000B8FD6 /* ChartsTests.xctest */,
			);
			name = Products;
			sourceTree = "<group>";
		};
/* End PBXGroup section */

/* Begin PBXNativeTarget section */
		831E682824970B0100A64D66 /* WrisTACs */ = {
			isa = PBXNativeTarget;
			buildConfigurationList = 831E685324970B0400A64D66 /* Build configuration list for PBXNativeTarget "WrisTACs" */;
			buildPhases = (
				831E682524970B0100A64D66 /* Sources */,
				831E682624970B0100A64D66 /* Frameworks */,
				831E682724970B0100A64D66 /* Resources */,
				83E8BAD224BFC56E000B8FD6 /* Embed Frameworks */,
			);
			buildRules = (
			);
			dependencies = (
			);
			name = WrisTACs;
			productName = WrisTAC;
			productReference = 831E682924970B0100A64D66 /* WrisTACs.app */;
			productType = "com.apple.product-type.application";
		};
		831E683E24970B0300A64D66 /* WrisTACsTests */ = {
			isa = PBXNativeTarget;
			buildConfigurationList = 831E685624970B0400A64D66 /* Build configuration list for PBXNativeTarget "WrisTACsTests" */;
			buildPhases = (
				831E683B24970B0300A64D66 /* Sources */,
				831E683C24970B0300A64D66 /* Frameworks */,
				831E683D24970B0300A64D66 /* Resources */,
			);
			buildRules = (
			);
			dependencies = (
				831E684124970B0300A64D66 /* PBXTargetDependency */,
			);
			name = WrisTACsTests;
			productName = WrisTACTests;
			productReference = 831E683F24970B0300A64D66 /* WrisTACsTests.xctest */;
			productType = "com.apple.product-type.bundle.unit-test";
		};
		831E684924970B0300A64D66 /* WrisTACsUITests */ = {
			isa = PBXNativeTarget;
			buildConfigurationList = 831E685924970B0400A64D66 /* Build configuration list for PBXNativeTarget "WrisTACsUITests" */;
			buildPhases = (
				831E684624970B0300A64D66 /* Sources */,
				831E684724970B0300A64D66 /* Frameworks */,
				831E684824970B0300A64D66 /* Resources */,
			);
			buildRules = (
			);
			dependencies = (
				831E684C24970B0400A64D66 /* PBXTargetDependency */,
			);
			name = WrisTACsUITests;
			productName = WrisTACUITests;
			productReference = 831E684A24970B0300A64D66 /* WrisTACsUITests.xctest */;
			productType = "com.apple.product-type.bundle.ui-testing";
		};
/* End PBXNativeTarget section */

/* Begin PBXProject section */
		831E682124970B0100A64D66 /* Project object */ = {
			isa = PBXProject;
			attributes = {
				LastSwiftUpdateCheck = 1150;
				LastUpgradeCheck = 1150;
				ORGANIZATIONNAME = WrisTAC;
				TargetAttributes = {
					831E682824970B0100A64D66 = {
						CreatedOnToolsVersion = 11.5;
					};
					831E683E24970B0300A64D66 = {
						CreatedOnToolsVersion = 11.5;
						TestTargetID = 831E682824970B0100A64D66;
					};
					831E684924970B0300A64D66 = {
						CreatedOnToolsVersion = 11.5;
						TestTargetID = 831E682824970B0100A64D66;
					};
				};
			};
			buildConfigurationList = 831E682424970B0100A64D66 /* Build configuration list for PBXProject "WrisTACs" */;
			compatibilityVersion = "Xcode 9.3";
			developmentRegion = en;
			hasScannedForEncodings = 0;
			knownRegions = (
				en,
				Base,
			);
			mainGroup = 831E682024970B0100A64D66;
			productRefGroup = 831E682A24970B0100A64D66 /* Products */;
			projectDirPath = "";
			projectReferences = (
				{
					ProductGroup = 83E8BAC824BFC4F5000B8FD6 /* Products */;
					ProjectRef = 83E8BAC724BFC4F5000B8FD6 /* Charts.xcodeproj */;
				},
			);
			projectRoot = "";
			targets = (
				831E682824970B0100A64D66 /* WrisTACs */,
				831E683E24970B0300A64D66 /* WrisTACsTests */,
				831E684924970B0300A64D66 /* WrisTACsUITests */,
			);
		};
/* End PBXProject section */

/* Begin PBXReferenceProxy section */
		83E8BACD24BFC4F6000B8FD6 /* Charts.framework */ = {
			isa = PBXReferenceProxy;
			fileType = wrapper.framework;
			path = Charts.framework;
			remoteRef = 83E8BACC24BFC4F6000B8FD6 /* PBXContainerItemProxy */;
			sourceTree = BUILT_PRODUCTS_DIR;
		};
		83E8BACF24BFC4F6000B8FD6 /* ChartsTests.xctest */ = {
			isa = PBXReferenceProxy;
			fileType = wrapper.cfbundle;
			path = ChartsTests.xctest;
			remoteRef = 83E8BACE24BFC4F6000B8FD6 /* PBXContainerItemProxy */;
			sourceTree = BUILT_PRODUCTS_DIR;
		};
/* End PBXReferenceProxy section */

/* Begin PBXResourcesBuildPhase section */
		831E682724970B0100A64D66 /* Resources */ = {
			isa = PBXResourcesBuildPhase;
			buildActionMask = 2147483647;
			files = (
				831E683924970B0300A64D66 /* LaunchScreen.storyboard in Resources */,
				836FA6A624BF84EA006A4ECE /* Default-568h@2x.png in Resources */,
				831E683624970B0300A64D66 /* Assets.xcassets in Resources */,
				831E683424970B0100A64D66 /* Main.storyboard in Resources */,
				83E8BAB624BFBCC2000B8FD6 /* WrisTACsLogo.PNG in Resources */,
			);
			runOnlyForDeploymentPostprocessing = 0;
		};
		831E683D24970B0300A64D66 /* Resources */ = {
			isa = PBXResourcesBuildPhase;
			buildActionMask = 2147483647;
			files = (
			);
			runOnlyForDeploymentPostprocessing = 0;
		};
		831E684824970B0300A64D66 /* Resources */ = {
			isa = PBXResourcesBuildPhase;
			buildActionMask = 2147483647;
			files = (
			);
			runOnlyForDeploymentPostprocessing = 0;
		};
/* End PBXResourcesBuildPhase section */

/* Begin PBXSourcesBuildPhase section */
		831E682524970B0100A64D66 /* Sources */ = {
			isa = PBXSourcesBuildPhase;
			buildActionMask = 2147483647;
			files = (
				831E683124970B0100A64D66 /* ViewController.swift in Sources */,
				831E682D24970B0100A64D66 /* AppDelegate.swift in Sources */,
				831E682F24970B0100A64D66 /* SceneDelegate.swift in Sources */,
			);
			runOnlyForDeploymentPostprocessing = 0;
		};
		831E683B24970B0300A64D66 /* Sources */ = {
			isa = PBXSourcesBuildPhase;
			buildActionMask = 2147483647;
			files = (
			);
			runOnlyForDeploymentPostprocessing = 0;
		};
		831E684624970B0300A64D66 /* Sources */ = {
			isa = PBXSourcesBuildPhase;
			buildActionMask = 2147483647;
			files = (
			);
			runOnlyForDeploymentPostprocessing = 0;
		};
/* End PBXSourcesBuildPhase section */

/* Begin PBXTargetDependency section */
		831E684124970B0300A64D66 /* PBXTargetDependency */ = {
			isa = PBXTargetDependency;
			target = 831E682824970B0100A64D66 /* WrisTACs */;
			targetProxy = 831E684024970B0300A64D66 /* PBXContainerItemProxy */;
		};
		831E684C24970B0400A64D66 /* PBXTargetDependency */ = {
			isa = PBXTargetDependency;
			target = 831E682824970B0100A64D66 /* WrisTACs */;
			targetProxy = 831E684B24970B0400A64D66 /* PBXContainerItemProxy */;
		};
/* End PBXTargetDependency section */

/* Begin PBXVariantGroup section */
		831E683224970B0100A64D66 /* Main.storyboard */ = {
			isa = PBXVariantGroup;
			children = (
				831E683324970B0100A64D66 /* Base */,
			);
			name = Main.storyboard;
			sourceTree = "<group>";
		};
		831E683724970B0300A64D66 /* LaunchScreen.storyboard */ = {
			isa = PBXVariantGroup;
			children = (
				831E683824970B0300A64D66 /* Base */,
			);
			name = LaunchScreen.storyboard;
			sourceTree = "<group>";
		};
/* End PBXVariantGroup section */

/* Begin XCBuildConfiguration section */
		831E685124970B0400A64D66 /* Debug */ = {
			isa = XCBuildConfiguration;
			buildSettings = {
				ALWAYS_SEARCH_USER_PATHS = NO;
				CLANG_ANALYZER_NONNULL = YES;
				CLANG_ANALYZER_NUMBER_OBJECT_CONVERSION = YES_AGGRESSIVE;
				CLANG_CXX_LANGUAGE_STANDARD = "gnu++14";
				CLANG_CXX_LIBRARY = "libc++";
				CLANG_ENABLE_MODULES = YES;
				CLANG_ENABLE_OBJC_ARC = YES;
				CLANG_ENABLE_OBJC_WEAK = YES;
				CLANG_WARN_BLOCK_CAPTURE_AUTORELEASING = YES;
				CLANG_WARN_BOOL_CONVERSION = YES;
				CLANG_WARN_COMMA = YES;
				CLANG_WARN_CONSTANT_CONVERSION = YES;
				CLANG_WARN_DEPRECATED_OBJC_IMPLEMENTATIONS = YES;
				CLANG_WARN_DIRECT_OBJC_ISA_USAGE = YES_ERROR;
				CLANG_WARN_DOCUMENTATION_COMMENTS = YES;
				CLANG_WARN_EMPTY_BODY = YES;
				CLANG_WARN_ENUM_CONVERSION = YES;
				CLANG_WARN_INFINITE_RECURSION = YES;
				CLANG_WARN_INT_CONVERSION = YES;
				CLANG_WARN_NON_LITERAL_NULL_CONVERSION = YES;
				CLANG_WARN_OBJC_IMPLICIT_RETAIN_SELF = YES;
				CLANG_WARN_OBJC_LITERAL_CONVERSION = YES;
				CLANG_WARN_OBJC_ROOT_CLASS = YES_ERROR;
				CLANG_WARN_RANGE_LOOP_ANALYSIS = YES;
				CLANG_WARN_STRICT_PROTOTYPES = YES;
				CLANG_WARN_SUSPICIOUS_MOVE = YES;
				CLANG_WARN_UNGUARDED_AVAILABILITY = YES_AGGRESSIVE;
				CLANG_WARN_UNREACHABLE_CODE = YES;
				CLANG_WARN__DUPLICATE_METHOD_MATCH = YES;
				COPY_PHASE_STRIP = NO;
				DEBUG_INFORMATION_FORMAT = dwarf;
				ENABLE_STRICT_OBJC_MSGSEND = YES;
				ENABLE_TESTABILITY = YES;
				GCC_C_LANGUAGE_STANDARD = gnu11;
				GCC_DYNAMIC_NO_PIC = NO;
				GCC_NO_COMMON_BLOCKS = YES;
				GCC_OPTIMIZATION_LEVEL = 0;
				GCC_PREPROCESSOR_DEFINITIONS = (
					"DEBUG=1",
					"$(inherited)",
				);
				GCC_WARN_64_TO_32_BIT_CONVERSION = YES;
				GCC_WARN_ABOUT_RETURN_TYPE = YES_ERROR;
				GCC_WARN_UNDECLARED_SELECTOR = YES;
				GCC_WARN_UNINITIALIZED_AUTOS = YES_AGGRESSIVE;
				GCC_WARN_UNUSED_FUNCTION = YES;
				GCC_WARN_UNUSED_VARIABLE = YES;
				IPHONEOS_DEPLOYMENT_TARGET = 13.5;
				MTL_ENABLE_DEBUG_INFO = INCLUDE_SOURCE;
				MTL_FAST_MATH = YES;
				ONLY_ACTIVE_ARCH = YES;
				SDKROOT = iphoneos;
				SWIFT_ACTIVE_COMPILATION_CONDITIONS = DEBUG;
				SWIFT_OPTIMIZATION_LEVEL = "-Onone";
			};
			name = Debug;
		};
		831E685224970B0400A64D66 /* Release */ = {
			isa = XCBuildConfiguration;
			buildSettings = {
				ALWAYS_SEARCH_USER_PATHS = NO;
				CLANG_ANALYZER_NONNULL = YES;
				CLANG_ANALYZER_NUMBER_OBJECT_CONVERSION = YES_AGGRESSIVE;
				CLANG_CXX_LANGUAGE_STANDARD = "gnu++14";
				CLANG_CXX_LIBRARY = "libc++";
				CLANG_ENABLE_MODULES = YES;
				CLANG_ENABLE_OBJC_ARC = YES;
				CLANG_ENABLE_OBJC_WEAK = YES;
				CLANG_WARN_BLOCK_CAPTURE_AUTORELEASING = YES;
				CLANG_WARN_BOOL_CONVERSION = YES;
				CLANG_WARN_COMMA = YES;
				CLANG_WARN_CONSTANT_CONVERSION = YES;
				CLANG_WARN_DEPRECATED_OBJC_IMPLEMENTATIONS = YES;
				CLANG_WARN_DIRECT_OBJC_ISA_USAGE = YES_ERROR;
				CLANG_WARN_DOCUMENTATION_COMMENTS = YES;
				CLANG_WARN_EMPTY_BODY = YES;
				CLANG_WARN_ENUM_CONVERSION = YES;
				CLANG_WARN_INFINITE_RECURSION = YES;
				CLANG_WARN_INT_CONVERSION = YES;
				CLANG_WARN_NON_LITERAL_NULL_CONVERSION = YES;
				CLANG_WARN_OBJC_IMPLICIT_RETAIN_SELF = YES;
				CLANG_WARN_OBJC_LITERAL_CONVERSION = YES;
				CLANG_WARN_OBJC_ROOT_CLASS = YES_ERROR;
				CLANG_WARN_RANGE_LOOP_ANALYSIS = YES;
				CLANG_WARN_STRICT_PROTOTYPES = YES;
				CLANG_WARN_SUSPICIOUS_MOVE = YES;
				CLANG_WARN_UNGUARDED_AVAILABILITY = YES_AGGRESSIVE;
				CLANG_WARN_UNREACHABLE_CODE = YES;
				CLANG_WARN__DUPLICATE_METHOD_MATCH = YES;
				COPY_PHASE_STRIP = NO;
				DEBUG_INFORMATION_FORMAT = "dwarf-with-dsym";
				ENABLE_NS_ASSERTIONS = NO;
				ENABLE_STRICT_OBJC_MSGSEND = YES;
				GCC_C_LANGUAGE_STANDARD = gnu11;
				GCC_NO_COMMON_BLOCKS = YES;
				GCC_WARN_64_TO_32_BIT_CONVERSION = YES;
				GCC_WARN_ABOUT_RETURN_TYPE = YES_ERROR;
				GCC_WARN_UNDECLARED_SELECTOR = YES;
				GCC_WARN_UNINITIALIZED_AUTOS = YES_AGGRESSIVE;
				GCC_WARN_UNUSED_FUNCTION = YES;
				GCC_WARN_UNUSED_VARIABLE = YES;
				IPHONEOS_DEPLOYMENT_TARGET = 13.5;
				MTL_ENABLE_DEBUG_INFO = NO;
				MTL_FAST_MATH = YES;
				SDKROOT = iphoneos;
				SWIFT_COMPILATION_MODE = wholemodule;
				SWIFT_OPTIMIZATION_LEVEL = "-O";
				VALIDATE_PRODUCT = YES;
			};
			name = Release;
		};
		831E685424970B0400A64D66 /* Debug */ = {
			isa = XCBuildConfiguration;
			buildSettings = {
				CODE_SIGN_STYLE = Automatic;
				DEVELOPMENT_TEAM = 2WUPPNKW5V;
				INFOPLIST_FILE = WrisTACs/Info.plist;
				LD_RUNPATH_SEARCH_PATHS = (
					"$(inherited)",
					"@executable_path/Frameworks",
				);
				PRODUCT_BUNDLE_IDENTIFIER = "WIT-Senior-Design.WrisTAC";
				PRODUCT_NAME = "$(TARGET_NAME)";
				SWIFT_VERSION = 5.0;
				TARGETED_DEVICE_FAMILY = "1,2";
			};
			name = Debug;
		};
		831E685524970B0400A64D66 /* Release */ = {
			isa = XCBuildConfiguration;
			buildSettings = {
				CODE_SIGN_STYLE = Automatic;
				DEVELOPMENT_TEAM = 2WUPPNKW5V;
				INFOPLIST_FILE = WrisTACs/Info.plist;
				LD_RUNPATH_SEARCH_PATHS = (
					"$(inherited)",
					"@executable_path/Frameworks",
				);
				PRODUCT_BUNDLE_IDENTIFIER = "WIT-Senior-Design.WrisTAC";
				PRODUCT_NAME = "$(TARGET_NAME)";
				SWIFT_VERSION = 5.0;
				TARGETED_DEVICE_FAMILY = "1,2";
			};
			name = Release;
		};
		831E685724970B0400A64D66 /* Debug */ = {
			isa = XCBuildConfiguration;
			buildSettings = {
				ALWAYS_EMBED_SWIFT_STANDARD_LIBRARIES = YES;
				BUNDLE_LOADER = "$(TEST_HOST)";
				CODE_SIGN_STYLE = Automatic;
				DEVELOPMENT_TEAM = 2WUPPNKW5V;
				INFOPLIST_FILE = WrisTACTests/Info.plist;
				IPHONEOS_DEPLOYMENT_TARGET = 13.5;
				LD_RUNPATH_SEARCH_PATHS = (
					"$(inherited)",
					"@executable_path/Frameworks",
					"@loader_path/Frameworks",
				);
				PRODUCT_BUNDLE_IDENTIFIER = "WIT-Senior-Design.WrisTACTests";
				PRODUCT_NAME = "$(TARGET_NAME)";
				SWIFT_VERSION = 5.0;
				TARGETED_DEVICE_FAMILY = "1,2";
				TEST_HOST = "$(BUILT_PRODUCTS_DIR)/WrisTACs.app/WrisTACs";
			};
			name = Debug;
		};
		831E685824970B0400A64D66 /* Release */ = {
			isa = XCBuildConfiguration;
			buildSettings = {
				ALWAYS_EMBED_SWIFT_STANDARD_LIBRARIES = YES;
				BUNDLE_LOADER = "$(TEST_HOST)";
				CODE_SIGN_STYLE = Automatic;
				DEVELOPMENT_TEAM = 2WUPPNKW5V;
				INFOPLIST_FILE = WrisTACTests/Info.plist;
				IPHONEOS_DEPLOYMENT_TARGET = 13.5;
				LD_RUNPATH_SEARCH_PATHS = (
					"$(inherited)",
					"@executable_path/Frameworks",
					"@loader_path/Frameworks",
				);
				PRODUCT_BUNDLE_IDENTIFIER = "WIT-Senior-Design.WrisTACTests";
				PRODUCT_NAME = "$(TARGET_NAME)";
				SWIFT_VERSION = 5.0;
				TARGETED_DEVICE_FAMILY = "1,2";
				TEST_HOST = "$(BUILT_PRODUCTS_DIR)/WrisTACs.app/WrisTACs";
			};
			name = Release;
		};
		831E685A24970B0400A64D66 /* Debug */ = {
			isa = XCBuildConfiguration;
			buildSettings = {
				ALWAYS_EMBED_SWIFT_STANDARD_LIBRARIES = YES;
				CODE_SIGN_STYLE = Automatic;
				DEVELOPMENT_TEAM = 2WUPPNKW5V;
				INFOPLIST_FILE = WrisTACUITests/Info.plist;
				LD_RUNPATH_SEARCH_PATHS = (
					"$(inherited)",
					"@executable_path/Frameworks",
					"@loader_path/Frameworks",
				);
				PRODUCT_BUNDLE_IDENTIFIER = "WIT-Senior-Design.WrisTACUITests";
				PRODUCT_NAME = "$(TARGET_NAME)";
				SWIFT_VERSION = 5.0;
				TARGETED_DEVICE_FAMILY = "1,2";
				TEST_TARGET_NAME = WrisTAC;
			};
			name = Debug;
		};
		831E685B24970B0400A64D66 /* Release */ = {
			isa = XCBuildConfiguration;
			buildSettings = {
				ALWAYS_EMBED_SWIFT_STANDARD_LIBRARIES = YES;
				CODE_SIGN_STYLE = Automatic;
				DEVELOPMENT_TEAM = 2WUPPNKW5V;
				INFOPLIST_FILE = WrisTACUITests/Info.plist;
				LD_RUNPATH_SEARCH_PATHS = (
					"$(inherited)",
					"@executable_path/Frameworks",
					"@loader_path/Frameworks",
				);
				PRODUCT_BUNDLE_IDENTIFIER = "WIT-Senior-Design.WrisTACUITests";
				PRODUCT_NAME = "$(TARGET_NAME)";
				SWIFT_VERSION = 5.0;
				TARGETED_DEVICE_FAMILY = "1,2";
				TEST_TARGET_NAME = WrisTAC;
			};
			name = Release;
		};
/* End XCBuildConfiguration section */

/* Begin XCConfigurationList section */
		831E682424970B0100A64D66 /* Build configuration list for PBXProject "WrisTACs" */ = {
			isa = XCConfigurationList;
			buildConfigurations = (
				831E685124970B0400A64D66 /* Debug */,
				831E685224970B0400A64D66 /* Release */,
			);
			defaultConfigurationIsVisible = 0;
			defaultConfigurationName = Release;
		};
		831E685324970B0400A64D66 /* Build configuration list for PBXNativeTarget "WrisTACs" */ = {
			isa = XCConfigurationList;
			buildConfigurations = (
				831E685424970B0400A64D66 /* Debug */,
				831E685524970B0400A64D66 /* Release */,
			);
			defaultConfigurationIsVisible = 0;
			defaultConfigurationName = Release;
		};
		831E685624970B0400A64D66 /* Build configuration list for PBXNativeTarget "WrisTACsTests" */ = {
			isa = XCConfigurationList;
			buildConfigurations = (
				831E685724970B0400A64D66 /* Debug */,
				831E685824970B0400A64D66 /* Release */,
			);
			defaultConfigurationIsVisible = 0;
			defaultConfigurationName = Release;
		};
		831E685924970B0400A64D66 /* Build configuration list for PBXNativeTarget "WrisTACsUITests" */ = {
			isa = XCConfigurationList;
			buildConfigurations = (
				831E685A24970B0400A64D66 /* Debug */,
				831E685B24970B0400A64D66 /* Release */,
			);
			defaultConfigurationIsVisible = 0;
			defaultConfigurationName = Release;
		};
/* End XCConfigurationList section */
	};
	rootObject = 831E682124970B0100A64D66 /* Project object */;
}
